
Microsoft Visual Studio Solution File, Format Version 12.00
# Visual Studio Version 16
VisualStudioVersion = 16.0.31205.134
MinimumVisualStudioVersion = 10.0.40219.1
Project("{FAE04EC0-301F-11D3-BF4B-00C04F79EFBC}") = "CW2_W1830820", "CW2_W1830820\CW2_W1830820.csproj", "{3D739104-15E0-4A7C-B1FF-FB5AD079FFC8}"
EndProject
Project("{2150E333-8FDC-42A3-9474-1A3956D46DE8}") = "Solution Items", "Solution Items", "{45D0D821-4B56-404B-8D6D-DEC79EDC8C8F}"
EndProject
Global
	GlobalSection(SolutionConfigurationPlatforms) = preSolution
		Debug|Any CPU = Debug|Any CPU
		Release|Any CPU = Release|Any CPU
	EndGlobalSection
	GlobalSection(ProjectConfigurationPlatforms) = postSolution
		{3D739104-15E0-4A7C-B1FF-FB5AD079FFC8}.Debug|Any CPU.ActiveCfg = Debug|Any CPU
		{3D739104-15E0-4A7C-B1FF-FB5AD079FFC8}.Debug|Any CPU.Build.0 = Debug|Any CPU
		{3D739104-15E0-4A7C-B1FF-FB5AD079FFC8}.Release|Any CPU.ActiveCfg = Release|Any CPU
		{3D739104-15E0-4A7C-B1FF-FB5AD079FFC8}.Release|Any CPU.Build.0 = Release|Any CPU
	EndGlobalSection
	GlobalSection(SolutionProperties) = preSolution
		HideSolutionNode = FALSE
	EndGlobalSection
	GlobalSection(ExtensibilityGlobals) = postSolution
		SolutionGuid = {6D42354B-B4CB-4F00-8B52-A5FADB6512A5}
	EndGlobalSection
EndGlobal
